
Microsoft Visual Studio Solution File, Format Version 12.00
# Visual Studio 15
VisualStudioVersion = 15.0.28010.2036
MinimumVisualStudioVersion = 10.0.40219.1
Project("{FAE04EC0-301F-11D3-BF4B-00C04F79EFBC}") = "Sphere", "Sphere\Sphere.csproj", "{86E28E5E-C51F-4CDE-A47A-EC2C29E1D98F}"
EndProject
Global
	GlobalSection(SolutionConfigurationPlatforms) = preSolution
		Debug|Any CPU = Debug|Any CPU
		Release|Any CPU = Release|Any CPU
	EndGlobalSection
	GlobalSection(ProjectConfigurationPlatforms) = postSolution
		{86E28E5E-C51F-4CDE-A47A-EC2C29E1D98F}.Debug|Any CPU.ActiveCfg = Debug|Any CPU
		{86E28E5E-C51F-4CDE-A47A-EC2C29E1D98F}.Debug|Any CPU.Build.0 = Debug|Any CPU
		{86E28E5E-C51F-4CDE-A47A-EC2C29E1D98F}.Release|Any CPU.ActiveCfg = Release|Any CPU
		{86E28E5E-C51F-4CDE-A47A-EC2C29E1D98F}.Release|Any CPU.Build.0 = Release|Any CPU
	EndGlobalSection
	GlobalSection(SolutionProperties) = preSolution
		HideSolutionNode = FALSE
	EndGlobalSection
	GlobalSection(ExtensibilityGlobals) = postSolution
		SolutionGuid = {21C0D048-7624-4474-A46D-42FBC252A644}
	EndGlobalSection
EndGlobal
